
Microsoft Visual Studio Solution File, Format Version 12.00
# Visual Studio Version 17
VisualStudioVersion = 17.13.35825.156 d17.13
MinimumVisualStudioVersion = 10.0.40219.1
Project("{FAE04EC0-301F-11D3-BF4B-00C04F79EFBC}") = "Zadanie1", "Zadanie1\Zadanie1.csproj", "{191AA0F2-24B2-4C6E-AAA4-7402A031D759}"
EndProject
Project("{FAE04EC0-301F-11D3-BF4B-00C04F79EFBC}") = "Zadanie1UnitTests", "Zadanie1UnitTests\Zadanie1UnitTests.csproj", "{A0A21D2F-14C9-497F-B60D-A219BDD608DF}"
EndProject
Global
	GlobalSection(SolutionConfigurationPlatforms) = preSolution
		Debug|Any CPU = Debug|Any CPU
		Release|Any CPU = Release|Any CPU
	EndGlobalSection
	GlobalSection(ProjectConfigurationPlatforms) = postSolution
		{191AA0F2-24B2-4C6E-AAA4-7402A031D759}.Debug|Any CPU.ActiveCfg = Debug|Any CPU
		{191AA0F2-24B2-4C6E-AAA4-7402A031D759}.Debug|Any CPU.Build.0 = Debug|Any CPU
		{191AA0F2-24B2-4C6E-AAA4-7402A031D759}.Release|Any CPU.ActiveCfg = Release|Any CPU
		{191AA0F2-24B2-4C6E-AAA4-7402A031D759}.Release|Any CPU.Build.0 = Release|Any CPU
		{A0A21D2F-14C9-497F-B60D-A219BDD608DF}.Debug|Any CPU.ActiveCfg = Debug|Any CPU
		{A0A21D2F-14C9-497F-B60D-A219BDD608DF}.Debug|Any CPU.Build.0 = Debug|Any CPU
		{A0A21D2F-14C9-497F-B60D-A219BDD608DF}.Release|Any CPU.ActiveCfg = Release|Any CPU
		{A0A21D2F-14C9-497F-B60D-A219BDD608DF}.Release|Any CPU.Build.0 = Release|Any CPU
	EndGlobalSection
	GlobalSection(SolutionProperties) = preSolution
		HideSolutionNode = FALSE
	EndGlobalSection
	GlobalSection(ExtensibilityGlobals) = postSolution
		SolutionGuid = {AD3D5AAF-0E0C-4183-9744-15A8B4FB909A}
	EndGlobalSection
EndGlobal
